
Microsoft Visual Studio Solution File, Format Version 12.00
# Visual Studio Version 17
VisualStudioVersion = 17.0.31903.59
MinimumVisualStudioVersion = 10.0.40219.1
Project("{FAE04EC0-301F-11D3-BF4B-00C04F79EFBC}") = "VehicleInfo.ApiService", "VehicleInfo.ApiService\VehicleInfo.ApiService.csproj", "{C7190799-5450-4844-98C2-C89A5F667F92}"
EndProject
Project("{FAE04EC0-301F-11D3-BF4B-00C04F79EFBC}") = "Insurance.ApiService", "Insurance.ApiService\Insurance.ApiService.csproj", "{88A7D4B1-367B-4BA1-8947-7D2D09C5062D}"
EndProject
Project("{FAE04EC0-301F-11D3-BF4B-00C04F79EFBC}") = "IFSwix.AppHost", "IFSwix.AppHost\IFSwix.AppHost.csproj", "{E898516C-5B21-4924-92D5-5AA9F5229980}"
EndProject
Project("{FAE04EC0-301F-11D3-BF4B-00C04F79EFBC}") = "IFSwix.ServiceDefaults", "IFSwix.ServiceDefaults\IFSwix.ServiceDefaults.csproj", "{2ED97C87-DAF5-4B67-807E-CEB4617A7A6A}"
EndProject
Global
	GlobalSection(SolutionConfigurationPlatforms) = preSolution
		Debug|Any CPU = Debug|Any CPU
		Debug|x64 = Debug|x64
		Debug|x86 = Debug|x86
		Release|Any CPU = Release|Any CPU
		Release|x64 = Release|x64
		Release|x86 = Release|x86
	EndGlobalSection
	GlobalSection(ProjectConfigurationPlatforms) = postSolution
		{C7190799-5450-4844-98C2-C89A5F667F92}.Debug|Any CPU.ActiveCfg = Debug|Any CPU
		{C7190799-5450-4844-98C2-C89A5F667F92}.Debug|Any CPU.Build.0 = Debug|Any CPU
		{C7190799-5450-4844-98C2-C89A5F667F92}.Debug|x64.ActiveCfg = Debug|Any CPU
		{C7190799-5450-4844-98C2-C89A5F667F92}.Debug|x64.Build.0 = Debug|Any CPU
		{C7190799-5450-4844-98C2-C89A5F667F92}.Debug|x86.ActiveCfg = Debug|Any CPU
		{C7190799-5450-4844-98C2-C89A5F667F92}.Debug|x86.Build.0 = Debug|Any CPU
		{C7190799-5450-4844-98C2-C89A5F667F92}.Release|Any CPU.ActiveCfg = Release|Any CPU
		{C7190799-5450-4844-98C2-C89A5F667F92}.Release|Any CPU.Build.0 = Release|Any CPU
		{C7190799-5450-4844-98C2-C89A5F667F92}.Release|x64.ActiveCfg = Release|Any CPU
		{C7190799-5450-4844-98C2-C89A5F667F92}.Release|x64.Build.0 = Release|Any CPU
		{C7190799-5450-4844-98C2-C89A5F667F92}.Release|x86.ActiveCfg = Release|Any CPU
		{C7190799-5450-4844-98C2-C89A5F667F92}.Release|x86.Build.0 = Release|Any CPU
		{88A7D4B1-367B-4BA1-8947-7D2D09C5062D}.Debug|Any CPU.ActiveCfg = Debug|Any CPU
		{88A7D4B1-367B-4BA1-8947-7D2D09C5062D}.Debug|Any CPU.Build.0 = Debug|Any CPU
		{88A7D4B1-367B-4BA1-8947-7D2D09C5062D}.Debug|x64.ActiveCfg = Debug|Any CPU
		{88A7D4B1-367B-4BA1-8947-7D2D09C5062D}.Debug|x64.Build.0 = Debug|Any CPU
		{88A7D4B1-367B-4BA1-8947-7D2D09C5062D}.Debug|x86.ActiveCfg = Debug|Any CPU
		{88A7D4B1-367B-4BA1-8947-7D2D09C5062D}.Debug|x86.Build.0 = Debug|Any CPU
		{88A7D4B1-367B-4BA1-8947-7D2D09C5062D}.Release|Any CPU.ActiveCfg = Release|Any CPU
		{88A7D4B1-367B-4BA1-8947-7D2D09C5062D}.Release|Any CPU.Build.0 = Release|Any CPU
		{88A7D4B1-367B-4BA1-8947-7D2D09C5062D}.Release|x64.ActiveCfg = Release|Any CPU
		{88A7D4B1-367B-4BA1-8947-7D2D09C5062D}.Release|x64.Build.0 = Release|Any CPU
		{88A7D4B1-367B-4BA1-8947-7D2D09C5062D}.Release|x86.ActiveCfg = Release|Any CPU
		{88A7D4B1-367B-4BA1-8947-7D2D09C5062D}.Release|x86.Build.0 = Release|Any CPU
		{E898516C-5B21-4924-92D5-5AA9F5229980}.Debug|Any CPU.ActiveCfg = Debug|Any CPU
		{E898516C-5B21-4924-92D5-5AA9F5229980}.Debug|Any CPU.Build.0 = Debug|Any CPU
		{E898516C-5B21-4924-92D5-5AA9F5229980}.Debug|x64.ActiveCfg = Debug|Any CPU
		{E898516C-5B21-4924-92D5-5AA9F5229980}.Debug|x64.Build.0 = Debug|Any CPU
		{E898516C-5B21-4924-92D5-5AA9F5229980}.Debug|x86.ActiveCfg = Debug|Any CPU
		{E898516C-5B21-4924-92D5-5AA9F5229980}.Debug|x86.Build.0 = Debug|Any CPU
		{E898516C-5B21-4924-92D5-5AA9F5229980}.Release|Any CPU.ActiveCfg = Release|Any CPU
		{E898516C-5B21-4924-92D5-5AA9F5229980}.Release|Any CPU.Build.0 = Release|Any CPU
		{E898516C-5B21-4924-92D5-5AA9F5229980}.Release|x64.ActiveCfg = Release|Any CPU
		{E898516C-5B21-4924-92D5-5AA9F5229980}.Release|x64.Build.0 = Release|Any CPU
		{E898516C-5B21-4924-92D5-5AA9F5229980}.Release|x86.ActiveCfg = Release|Any CPU
		{E898516C-5B21-4924-92D5-5AA9F5229980}.Release|x86.Build.0 = Release|Any CPU
		{2ED97C87-DAF5-4B67-807E-CEB4617A7A6A}.Debug|Any CPU.ActiveCfg = Debug|Any CPU
		{2ED97C87-DAF5-4B67-807E-CEB4617A7A6A}.Debug|Any CPU.Build.0 = Debug|Any CPU
		{2ED97C87-DAF5-4B67-807E-CEB4617A7A6A}.Debug|x64.ActiveCfg = Debug|Any CPU
		{2ED97C87-DAF5-4B67-807E-CEB4617A7A6A}.Debug|x64.Build.0 = Debug|Any CPU
		{2ED97C87-DAF5-4B67-807E-CEB4617A7A6A}.Debug|x86.ActiveCfg = Debug|Any CPU
		{2ED97C87-DAF5-4B67-807E-CEB4617A7A6A}.Debug|x86.Build.0 = Debug|Any CPU
		{2ED97C87-DAF5-4B67-807E-CEB4617A7A6A}.Release|Any CPU.ActiveCfg = Release|Any CPU
		{2ED97C87-DAF5-4B67-807E-CEB4617A7A6A}.Release|Any CPU.Build.0 = Release|Any CPU
		{2ED97C87-DAF5-4B67-807E-CEB4617A7A6A}.Release|x64.ActiveCfg = Release|Any CPU
		{2ED97C87-DAF5-4B67-807E-CEB4617A7A6A}.Release|x64.Build.0 = Release|Any CPU
		{2ED97C87-DAF5-4B67-807E-CEB4617A7A6A}.Release|x86.ActiveCfg = Release|Any CPU
		{2ED97C87-DAF5-4B67-807E-CEB4617A7A6A}.Release|x86.Build.0 = Release|Any CPU
	EndGlobalSection
	GlobalSection(SolutionProperties) = preSolution
		HideSolutionNode = FALSE
	EndGlobalSection
EndGlobal
