
Microsoft Visual Studio Solution File, Format Version 12.00
# Visual Studio Version 17
VisualStudioVersion = 17.0.31903.59
MinimumVisualStudioVersion = 10.0.40219.1
Project("{FAE04EC0-301F-11D3-BF4B-00C04F79EFBC}") = "VehicleInfo.AppHost", "VehicleInfo.AppHost\VehicleInfo.AppHost.csproj", "{11C7DDEE-8AAE-4A3A-9F08-C8515CE57F18}"
EndProject
Project("{FAE04EC0-301F-11D3-BF4B-00C04F79EFBC}") = "VehicleInfo.ServiceDefaults", "VehicleInfo.ServiceDefaults\VehicleInfo.ServiceDefaults.csproj", "{464DFD63-4ACE-4E74-928E-4C4750864F2B}"
EndProject
Project("{FAE04EC0-301F-11D3-BF4B-00C04F79EFBC}") = "VehicleInfo.ApiService", "VehicleInfo.ApiService\VehicleInfo.ApiService.csproj", "{C7190799-5450-4844-98C2-C89A5F667F92}"
EndProject
Project("{FAE04EC0-301F-11D3-BF4B-00C04F79EFBC}") = "VehicleInfo.Web", "VehicleInfo.Web\VehicleInfo.Web.csproj", "{8F93C005-D924-4FF3-9715-CE69953EAEE4}"
EndProject
Global
	GlobalSection(SolutionConfigurationPlatforms) = preSolution
		Debug|Any CPU = Debug|Any CPU
		Release|Any CPU = Release|Any CPU
	EndGlobalSection
	GlobalSection(SolutionProperties) = preSolution
		HideSolutionNode = FALSE
	EndGlobalSection
	GlobalSection(ProjectConfigurationPlatforms) = postSolution
		{11C7DDEE-8AAE-4A3A-9F08-C8515CE57F18}.Debug|Any CPU.ActiveCfg = Debug|Any CPU
		{11C7DDEE-8AAE-4A3A-9F08-C8515CE57F18}.Debug|Any CPU.Build.0 = Debug|Any CPU
		{11C7DDEE-8AAE-4A3A-9F08-C8515CE57F18}.Release|Any CPU.ActiveCfg = Release|Any CPU
		{11C7DDEE-8AAE-4A3A-9F08-C8515CE57F18}.Release|Any CPU.Build.0 = Release|Any CPU
		{464DFD63-4ACE-4E74-928E-4C4750864F2B}.Debug|Any CPU.ActiveCfg = Debug|Any CPU
		{464DFD63-4ACE-4E74-928E-4C4750864F2B}.Debug|Any CPU.Build.0 = Debug|Any CPU
		{464DFD63-4ACE-4E74-928E-4C4750864F2B}.Release|Any CPU.ActiveCfg = Release|Any CPU
		{464DFD63-4ACE-4E74-928E-4C4750864F2B}.Release|Any CPU.Build.0 = Release|Any CPU
		{C7190799-5450-4844-98C2-C89A5F667F92}.Debug|Any CPU.ActiveCfg = Debug|Any CPU
		{C7190799-5450-4844-98C2-C89A5F667F92}.Debug|Any CPU.Build.0 = Debug|Any CPU
		{C7190799-5450-4844-98C2-C89A5F667F92}.Release|Any CPU.ActiveCfg = Release|Any CPU
		{C7190799-5450-4844-98C2-C89A5F667F92}.Release|Any CPU.Build.0 = Release|Any CPU
		{8F93C005-D924-4FF3-9715-CE69953EAEE4}.Debug|Any CPU.ActiveCfg = Debug|Any CPU
		{8F93C005-D924-4FF3-9715-CE69953EAEE4}.Debug|Any CPU.Build.0 = Debug|Any CPU
		{8F93C005-D924-4FF3-9715-CE69953EAEE4}.Release|Any CPU.ActiveCfg = Release|Any CPU
		{8F93C005-D924-4FF3-9715-CE69953EAEE4}.Release|Any CPU.Build.0 = Release|Any CPU
	EndGlobalSection
EndGlobal
